{
  "name": "nativescript-ngx-lib",
  "version": "1.0.0-alpha.0",
  "lockfileVersion": 1,
  "requires": true,
  "dependencies": {
    "@types/ag-channel": {
      "version": "4.0.0",
      "resolved": "https://registry.npmjs.org/@types/ag-channel/-/ag-channel-4.0.0.tgz",
      "integrity": "sha512-Z6Zi6mq5GGLbFPIf2ROTGHzkkzW+PVydGH0SzVgC5CiHUpsuOPGUw3AyZhbAsnEkaS+E0H8zO/k6rULrM0R/uw==",
      "dev": true,
      "requires": {
        "@types/consumable-stream": "*",
        "@types/stream-demux": "*",
        "@types/writable-consumable-stream": "*"
      }
    },
    "@types/ag-simple-broker": {
      "version": "4.0.0",
      "resolved": "https://registry.npmjs.org/@types/ag-simple-broker/-/ag-simple-broker-4.0.0.tgz",
      "integrity": "sha512-HuuXvhYXJS3dh1CDBA9wSi4i+ngaMn/lj+5Zlw0jfpZcpH2pTWl3wbxJwV9SEZDyLaJw2g0E0x8Ec5ovJIjT2g==",
      "dev": true,
      "requires": {
        "@types/ag-channel": "*",
        "@types/async-stream-emitter": "*",
        "@types/consumable-stream": "*",
        "@types/socketcluster-server": "*",
        "@types/writable-consumable-stream": "*"
      }
    },
    "@types/async": {
      "version": "3.2.6",
      "resolved": "https://registry.npmjs.org/@types/async/-/async-3.2.6.tgz",
      "integrity": "sha512-ZkrXnZLC1mc4b9QLKaSrsxV4oxTRs10OI2kgSApT8G0v1jrmqppSHUVQ15kLorzsFBTjvf7OKF4kAibuuNQ+xA==",
      "dev": true
    },
    "@types/async-stream-emitter": {
      "version": "3.0.0",
      "resolved": "https://registry.npmjs.org/@types/async-stream-emitter/-/async-stream-emitter-3.0.0.tgz",
      "integrity": "sha512-wS0EPl8pBK0ZzoVQ9k4PYz/AcrF9Goc8TIwurVRl7fuihlTpZwKUe8v8iMydLD2nmN8wKPcMa0AUtB6+JsE92Q==",
      "dev": true,
      "requires": {
        "@types/consumable-stream": "*",
        "@types/writable-consumable-stream": "*"
      }
    },
    "@types/component-emitter": {
      "version": "1.2.10",
      "resolved": "https://registry.npmjs.org/@types/component-emitter/-/component-emitter-1.2.10.tgz",
      "integrity": "sha512-bsjleuRKWmGqajMerkzox19aGbscQX5rmmvvXl3wlIp5gMG1HgkiwPxsN5p070fBDKTNSPgojVbuY1+HWMbFhg==",
      "dev": true
    },
    "@types/consumable-stream": {
      "version": "1.0.0",
      "resolved": "https://registry.npmjs.org/@types/consumable-stream/-/consumable-stream-1.0.0.tgz",
      "integrity": "sha512-9q698XajyFxHK0aKQY/ofTvPjVrkDzE2Dq7W/Gzg8uPSt9k8maUe6PWonnNbARnKHKcc8d0vWjvyBBkAMyNLWQ==",
      "dev": true,
      "requires": {
        "@types/node": "*"
      }
    },
    "@types/expirymanager": {
      "version": "0.9.0",
      "resolved": "https://registry.npmjs.org/@types/expirymanager/-/expirymanager-0.9.0.tgz",
      "integrity": "sha512-xulG8b5SiBhpRE1Arfx3ji428mfhwQdas6/i+1IJhTLkyFifJ4rF+vve522ds2ZTiBKCUv9WHNuVF/V9PJCa2Q==",
      "dev": true
    },
    "@types/fleximap": {
      "version": "0.9.0",
      "resolved": "https://registry.npmjs.org/@types/fleximap/-/fleximap-0.9.0.tgz",
      "integrity": "sha512-7VsHgMM7l3jY+MXptDgzvROcEoikVgIxu+8d/qT0WijDl6RXdwAbAQYxu5sBCwUvlf0cEQwiDC4rOvkcm3h+hw==",
      "dev": true
    },
    "@types/jsan": {
      "version": "3.1.0",
      "resolved": "https://registry.npmjs.org/@types/jsan/-/jsan-3.1.0.tgz",
      "integrity": "sha512-V5wfm0++TqM92D0ZkAhl9MDQHPTi88fXhMNVin5LV/Y3RnuU/FUv6wML4Vt/amZmPN9WaFTmDhKW+h58kAFmIg==",
      "dev": true
    },
    "@types/jsonwebtoken": {
      "version": "8.5.1",
      "resolved": "https://registry.npmjs.org/@types/jsonwebtoken/-/jsonwebtoken-8.5.1.tgz",
      "integrity": "sha512-rNAPdomlIUX0i0cg2+I+Q1wOUr531zHBQ+cV/28PJ39bSPKjahatZZ2LMuhiguETkCgLVzfruw/ZvNMNkKoSzw==",
      "dev": true,
      "requires": {
        "@types/node": "*"
      }
    },
    "@types/ncom": {
      "version": "1.0.0",
      "resolved": "https://registry.npmjs.org/@types/ncom/-/ncom-1.0.0.tgz",
      "integrity": "sha512-9fmYuP/lvEVfzY+5nZ61ewM/ub9mDINn88BBflTyHX6D7wH5b8oFR3GXrmYjelx79shuogHhHMOtXODDBatVPQ==",
      "dev": true,
      "requires": {
        "@types/node": "*"
      }
    },
    "@types/node": {
      "version": "15.0.1",
      "resolved": "https://registry.npmjs.org/@types/node/-/node-15.0.1.tgz",
      "integrity": "sha512-TMkXt0Ck1y0KKsGr9gJtWGjttxlZnnvDtphxUOSd0bfaR6Q1jle+sPvrzNR1urqYTWMinoKvjKfXUGsumaO1PA==",
      "dev": true
    },
    "@types/sc-auth": {
      "version": "5.0.0",
      "resolved": "https://registry.npmjs.org/@types/sc-auth/-/sc-auth-5.0.0.tgz",
      "integrity": "sha512-V+wuOweEJDrVCMduXmS7zc60O6HGyd5Xm3ClzEXKJfQdrSuhoqvhDjOwbtRZAXCjHll12lBXECb2sht5Glp/6A==",
      "dev": true,
      "requires": {
        "@types/jsonwebtoken": "*"
      }
    },
    "@types/sc-broker": {
      "version": "8.0.1",
      "resolved": "https://registry.npmjs.org/@types/sc-broker/-/sc-broker-8.0.1.tgz",
      "integrity": "sha512-JacbIkcjKs3PIMyw8yuM3rrJf2kw39GMoT83tNyJfvhF0DBLU26OBsO4kxmi82SdnVUubeiSN4/whC4lhOpAYg==",
      "dev": true,
      "requires": {
        "@types/expirymanager": "*",
        "@types/fleximap": "*",
        "@types/ncom": "*"
      }
    },
    "@types/sc-broker-cluster": {
      "version": "9.0.0",
      "resolved": "https://registry.npmjs.org/@types/sc-broker-cluster/-/sc-broker-cluster-9.0.0.tgz",
      "integrity": "sha512-YELigRPopB65U8tpMcLZBqGMYx2eXWnZrmU8sUI0cGVA9EB6YORY6LyVgfzK6zV4X659pQPGwnspN80qzT+S2w==",
      "dev": true,
      "requires": {
        "@types/async": "*",
        "@types/expirymanager": "*",
        "@types/fleximap": "*",
        "@types/sc-broker": "*",
        "@types/sc-channel": "^1",
        "@types/socketcluster-server": "*"
      }
    },
    "@types/sc-channel": {
      "version": "1.2.1",
      "resolved": "https://registry.npmjs.org/@types/sc-channel/-/sc-channel-1.2.1.tgz",
      "integrity": "sha512-RYT2V1XlViii3CmPqlZQfv3ADaCzxGPhZfk6MWPfnv3z1dR9wCE/c9lehLtuCz0TYPJYPV48PoocvIdaPAMsUA==",
      "dev": true,
      "requires": {
        "@types/component-emitter": "*"
      }
    },
    "@types/sc-errors": {
      "version": "1.4.0",
      "resolved": "https://registry.npmjs.org/@types/sc-errors/-/sc-errors-1.4.0.tgz",
      "integrity": "sha512-WfBEiw/SVja1ZvJRdt37dOJFxp2llV35n9cPiDCDsFRSvTTYlO4iMFg+NyeEhiWBk1O4bvmyYpAEYzJx1DbHHQ==",
      "dev": true
    },
    "@types/socketcluster-client": {
      "version": "15.1.3",
      "resolved": "https://registry.npmjs.org/@types/socketcluster-client/-/socketcluster-client-15.1.3.tgz",
      "integrity": "sha512-BQDJBPoJySLvNy3lTFdT9zPHH23fNpcZB0c0eX+VrWhyCTzOBExWx99gabEo1MYw6Ljo4mGMXuE70AzsQL1UCw==",
      "dev": true,
      "requires": {
        "@types/ag-channel": "*",
        "@types/async-stream-emitter": "*",
        "@types/consumable-stream": "*",
        "@types/sc-auth": "*",
        "@types/sc-errors": "*",
        "@types/socketcluster-server": "*",
        "@types/stream-demux": "*",
        "@types/writable-consumable-stream": "*",
        "@types/ws": "*"
      }
    },
    "@types/socketcluster-server": {
      "version": "15.0.1",
      "resolved": "https://registry.npmjs.org/@types/socketcluster-server/-/socketcluster-server-15.0.1.tgz",
      "integrity": "sha512-zXEdaTKVHT3y1BUiMXfCVZjgv5Bv6fEuh91iKfPhNwCFf6uSqmZvnRTQStWy0SprzdCmrbVJjXb4/So9hW0PHg==",
      "dev": true,
      "requires": {
        "@types/ag-simple-broker": "*",
        "@types/async-stream-emitter": "*",
        "@types/consumable-stream": "*",
        "@types/jsonwebtoken": "*",
        "@types/sc-auth": "*",
        "@types/sc-broker-cluster": "*",
        "@types/sc-errors": "*",
        "@types/stream-demux": "*",
        "@types/writable-consumable-stream": "*",
        "@types/ws": "*"
      }
    },
    "@types/stream-demux": {
      "version": "7.0.0",
      "resolved": "https://registry.npmjs.org/@types/stream-demux/-/stream-demux-7.0.0.tgz",
      "integrity": "sha512-JbNzd38xcT2ZwLAG7YjO5OPaAhyItCeCNgXktNOEVJboi05xhRvWGP/EhKnRkJ0EcK+Hcz0J/zxYlLxYxUIa+A==",
      "dev": true,
      "requires": {
        "@types/consumable-stream": "*",
        "@types/writable-consumable-stream": "*"
      }
    },
    "@types/writable-consumable-stream": {
      "version": "1.1.0",
      "resolved": "https://registry.npmjs.org/@types/writable-consumable-stream/-/writable-consumable-stream-1.1.0.tgz",
      "integrity": "sha512-4owhgP9kLpaWEXAywGQJAIjkdrFzScGFpBHTzNDwKMygOlY+bBzPAqZhV5Ze6uLDCgg4k7WKoWdt0JBsXAUGiA==",
      "dev": true,
      "requires": {
        "@types/consumable-stream": "*"
      }
    },
    "@types/ws": {
      "version": "7.4.2",
      "resolved": "https://registry.npmjs.org/@types/ws/-/ws-7.4.2.tgz",
      "integrity": "sha512-PbeN0Eydl7LQl4OIav29YmkO2LxbVuz3nZD/kb19lOS+wLgIkRbWMNmU/QQR7ABpOJ7D7xDOU8co7iohObewrw==",
      "dev": true,
      "requires": {
        "@types/node": "*"
      }
    },
    "async-limiter": {
      "version": "1.0.0",
      "resolved": "https://registry.npmjs.org/async-limiter/-/async-limiter-1.0.0.tgz",
      "integrity": "sha512-jp/uFnooOiO+L211eZOoSyzpOITMXx1rBITauYykG3BRYPu8h0UcxsPNB04RR5vo4Tyz3+ay17tR6JVf9qzYWg=="
    },
    "base-64": {
      "version": "0.1.0",
      "resolved": "https://registry.npmjs.org/base-64/-/base-64-0.1.0.tgz",
      "integrity": "sha1-eAqZyE59YAJgNhURxId2E78k9rs="
    },
    "clone": {
      "version": "2.1.1",
      "resolved": "https://registry.npmjs.org/clone/-/clone-2.1.1.tgz",
      "integrity": "sha1-0hfR6WERjjrJpLi7oyhVU79kfNs="
    },
    "component-emitter": {
      "version": "1.2.1",
      "resolved": "https://registry.npmjs.org/component-emitter/-/component-emitter-1.2.1.tgz",
      "integrity": "sha1-E3kY1teCg/ffemt8WmPhQOaUJeY="
    },
    "jsan": {
      "version": "3.1.13",
      "resolved": "https://registry.npmjs.org/jsan/-/jsan-3.1.13.tgz",
      "integrity": "sha512-9kGpCsGHifmw6oJet+y8HaCl14y7qgAsxVdV3pCHDySNR3BfDC30zgkssd7x5LRVAT22dnpbe9JdzzmXZnq9/g=="
    },
    "linked-list": {
      "version": "0.1.0",
      "resolved": "https://registry.npmjs.org/linked-list/-/linked-list-0.1.0.tgz",
      "integrity": "sha1-eYsP+X0bkqT9CEgPVa6k6dSdN78="
    },
    "nativescript-websockets": {
      "version": "1.5.3",
      "resolved": "https://registry.npmjs.org/nativescript-websockets/-/nativescript-websockets-1.5.3.tgz",
      "integrity": "sha512-9RLsXuuBNPvUZTepfJ6R/iD706hxzX6imhqmU6mL1mB2ZJGZKZdWltVMkHDLJfXmz/X0bYSv1Vdw2fcu3E0OkQ=="
    },
    "process": {
      "version": "0.11.10",
      "resolved": "https://registry.npmjs.org/process/-/process-0.11.10.tgz",
      "integrity": "sha1-czIwDoQBYb2j5podHZGn1LwW8YI="
    },
    "querystring": {
      "version": "0.2.0",
      "resolved": "https://registry.npmjs.org/querystring/-/querystring-0.2.0.tgz",
      "integrity": "sha1-sgmEkgO7Jd+CDadW50cAWHhSFiA="
    },
    "remotedev": {
      "version": "0.2.9",
      "resolved": "https://registry.npmjs.org/remotedev/-/remotedev-0.2.9.tgz",
      "integrity": "sha512-W8dHOv9BcFnetFEd08yNb5O9Hd+zkTFFnf9FRjNCkb4u+JgQ/U152Aw4q83AmY3m34d6KZwhK5ip/Qc331+4vA==",
      "requires": {
        "jsan": "^3.1.3",
        "querystring": "^0.2.0",
        "rn-host-detect": "^1.0.1",
        "socketcluster-client": "^13.0.0"
      }
    },
    "rn-host-detect": {
      "version": "1.1.5",
      "resolved": "https://registry.npmjs.org/rn-host-detect/-/rn-host-detect-1.1.5.tgz",
      "integrity": "sha512-ufk2dFT3QeP9HyZ/xTuMtW27KnFy815CYitJMqQm+pgG3ZAtHBsrU8nXizNKkqXGy3bQmhEoloVbrfbvMJMqkg=="
    },
    "sc-channel": {
      "version": "1.2.0",
      "resolved": "https://registry.npmjs.org/sc-channel/-/sc-channel-1.2.0.tgz",
      "integrity": "sha512-M3gdq8PlKg0zWJSisWqAsMmTVxYRTpVRqw4CWAdKBgAfVKumFcTjoCV0hYu7lgUXccCtCD8Wk9VkkE+IXCxmZA==",
      "requires": {
        "component-emitter": "1.2.1"
      }
    },
    "sc-errors": {
      "version": "1.4.1",
      "resolved": "https://registry.npmjs.org/sc-errors/-/sc-errors-1.4.1.tgz",
      "integrity": "sha512-dBn92iIonpChTxYLgKkIT/PCApvmYT6EPIbRvbQKTgY6tbEbIy8XVUv4pGyKwEK4nCmvX4TKXcN0iXC6tNW6rQ=="
    },
    "sc-formatter": {
      "version": "3.0.2",
      "resolved": "https://registry.npmjs.org/sc-formatter/-/sc-formatter-3.0.2.tgz",
      "integrity": "sha512-9PbqYBpCq+OoEeRQ3QfFIGE6qwjjBcd2j7UjgDlhnZbtSnuGgHdcRklPKYGuYFH82V/dwd+AIpu8XvA1zqTd+A=="
    },
    "socketcluster-client": {
      "version": "13.0.1",
      "resolved": "https://registry.npmjs.org/socketcluster-client/-/socketcluster-client-13.0.1.tgz",
      "integrity": "sha512-hxiE2xz6mgaBlhXbtBa4POgWVEvIcjCoHzf5LTUVhI9IL8V2ltV3Ze8pQsi9egqTjSz4RHPfyrJ7BiETe5Kthw==",
      "requires": {
        "base-64": "0.1.0",
        "clone": "2.1.1",
        "component-emitter": "1.2.1",
        "linked-list": "0.1.0",
        "querystring": "0.2.0",
        "sc-channel": "^1.2.0",
        "sc-errors": "^1.4.0",
        "sc-formatter": "^3.0.1",
        "uuid": "3.2.1",
        "ws": "5.1.1"
      }
    },
    "uuid": {
      "version": "3.2.1",
      "resolved": "https://registry.npmjs.org/uuid/-/uuid-3.2.1.tgz",
      "integrity": "sha512-jZnMwlb9Iku/O3smGWvZhauCf6cvvpKi4BKRiliS3cxnI+Gz9j5MEpTz2UFuXiKPJocb7gnsLHwiS05ige5BEA=="
    },
    "ws": {
      "version": "5.1.1",
      "resolved": "https://registry.npmjs.org/ws/-/ws-5.1.1.tgz",
      "integrity": "sha512-bOusvpCb09TOBLbpMKszd45WKC2KPtxiyiHanv+H2DE3Az+1db5a/L7sVJZVDPUC1Br8f0SKRr1KjLpD1U/IAw==",
      "requires": {
        "async-limiter": "~1.0.0"
      }
    }
  }
}
